
Microsoft Visual Studio Solution File, Format Version 10.00
# Visual Studio 2008
Project("{2150E333-8FDC-42A3-9474-1A3956D46DE8}") = "Testing", "Testing", "{A76C3B3E-D827-4FCD-A1CD-94F3C15F9B0E}"
EndProject
Project("{9A19103F-16F7-4668-BE54-9A1E7A4F7556}") = "cpScriptTest.Net", "cpScriptTest.Net\cpScriptTest.Net.csproj", "{18C70325-2F07-4687-ACDB-5D4F92F8269A}"
EndProject
Project("{2150E333-8FDC-42A3-9474-1A3956D46DE8}") = "Libraries", "Libraries", "{37CA7073-D220-4DF4-8C1B-EFD581EF5AEB}"
EndProject
Project("{9A19103F-16F7-4668-BE54-9A1E7A4F7556}") = "libCpScript.Net.Asm", "libCpScript.Net.Asm\libCpScript.Net.Asm.csproj", "{3E22C42D-F84A-4466-932F-AF5326DFDBE2}"
EndProject
Project("{9A19103F-16F7-4668-BE54-9A1E7A4F7556}") = "libCpScript.Net.ObjectBasic", "libCpScript.Net.ObjectBasic\libCpScript.Net.ObjectBasic.csproj", "{53631606-901F-4C0A-8D43-1A828B8094F5}"
EndProject
Project("{2150E333-8FDC-42A3-9474-1A3956D46DE8}") = "StdLib", "StdLib", "{481C2BC8-C6E5-4273-BEAB-1F76CDA83C81}"
EndProject
Project("{9A19103F-16F7-4668-BE54-9A1E7A4F7556}") = "libCpScript.Net.StdLib", "libCpScript.Net.StdLib\libCpScript.Net.StdLib.csproj", "{C2D74C98-942E-404F-9A7F-3C67FAB962C3}"
EndProject
Global
	GlobalSection(SolutionConfigurationPlatforms) = preSolution
		Debug|Any CPU = Debug|Any CPU
		Release|Any CPU = Release|Any CPU
		Debug x86|Any CPU = Debug x86|Any CPU
		Release x86|Any CPU = Release x86|Any CPU
	EndGlobalSection
	GlobalSection(ProjectConfigurationPlatforms) = postSolution
		{18C70325-2F07-4687-ACDB-5D4F92F8269A}.Debug x86|Any CPU.ActiveCfg = Debug x86|Any CPU
		{18C70325-2F07-4687-ACDB-5D4F92F8269A}.Debug x86|Any CPU.Build.0 = Debug x86|Any CPU
		{18C70325-2F07-4687-ACDB-5D4F92F8269A}.Debug|Any CPU.ActiveCfg = Debug|Any CPU
		{18C70325-2F07-4687-ACDB-5D4F92F8269A}.Debug|Any CPU.Build.0 = Debug|Any CPU
		{18C70325-2F07-4687-ACDB-5D4F92F8269A}.Release x86|Any CPU.ActiveCfg = Release x86|Any CPU
		{18C70325-2F07-4687-ACDB-5D4F92F8269A}.Release x86|Any CPU.Build.0 = Release x86|Any CPU
		{18C70325-2F07-4687-ACDB-5D4F92F8269A}.Release|Any CPU.ActiveCfg = Release|Any CPU
		{18C70325-2F07-4687-ACDB-5D4F92F8269A}.Release|Any CPU.Build.0 = Release|Any CPU
		{3E22C42D-F84A-4466-932F-AF5326DFDBE2}.Debug x86|Any CPU.ActiveCfg = Debug x86|Any CPU
		{3E22C42D-F84A-4466-932F-AF5326DFDBE2}.Debug x86|Any CPU.Build.0 = Debug x86|Any CPU
		{3E22C42D-F84A-4466-932F-AF5326DFDBE2}.Debug|Any CPU.ActiveCfg = Debug|Any CPU
		{3E22C42D-F84A-4466-932F-AF5326DFDBE2}.Debug|Any CPU.Build.0 = Debug|Any CPU
		{3E22C42D-F84A-4466-932F-AF5326DFDBE2}.Release x86|Any CPU.ActiveCfg = Release x86|Any CPU
		{3E22C42D-F84A-4466-932F-AF5326DFDBE2}.Release x86|Any CPU.Build.0 = Release x86|Any CPU
		{3E22C42D-F84A-4466-932F-AF5326DFDBE2}.Release|Any CPU.ActiveCfg = Release|Any CPU
		{3E22C42D-F84A-4466-932F-AF5326DFDBE2}.Release|Any CPU.Build.0 = Release|Any CPU
		{53631606-901F-4C0A-8D43-1A828B8094F5}.Debug x86|Any CPU.ActiveCfg = Debug x86|Any CPU
		{53631606-901F-4C0A-8D43-1A828B8094F5}.Debug x86|Any CPU.Build.0 = Debug x86|Any CPU
		{53631606-901F-4C0A-8D43-1A828B8094F5}.Debug|Any CPU.ActiveCfg = Debug|Any CPU
		{53631606-901F-4C0A-8D43-1A828B8094F5}.Debug|Any CPU.Build.0 = Debug|Any CPU
		{53631606-901F-4C0A-8D43-1A828B8094F5}.Release x86|Any CPU.ActiveCfg = Release x86|Any CPU
		{53631606-901F-4C0A-8D43-1A828B8094F5}.Release x86|Any CPU.Build.0 = Release x86|Any CPU
		{53631606-901F-4C0A-8D43-1A828B8094F5}.Release|Any CPU.ActiveCfg = Release|Any CPU
		{53631606-901F-4C0A-8D43-1A828B8094F5}.Release|Any CPU.Build.0 = Release|Any CPU
		{C2D74C98-942E-404F-9A7F-3C67FAB962C3}.Debug x86|Any CPU.ActiveCfg = Debug x86|Any CPU
		{C2D74C98-942E-404F-9A7F-3C67FAB962C3}.Debug x86|Any CPU.Build.0 = Debug x86|Any CPU
		{C2D74C98-942E-404F-9A7F-3C67FAB962C3}.Debug|Any CPU.ActiveCfg = Debug|Any CPU
		{C2D74C98-942E-404F-9A7F-3C67FAB962C3}.Debug|Any CPU.Build.0 = Debug|Any CPU
		{C2D74C98-942E-404F-9A7F-3C67FAB962C3}.Release x86|Any CPU.ActiveCfg = Release x86|Any CPU
		{C2D74C98-942E-404F-9A7F-3C67FAB962C3}.Release x86|Any CPU.Build.0 = Release x86|Any CPU
		{C2D74C98-942E-404F-9A7F-3C67FAB962C3}.Release|Any CPU.ActiveCfg = Release|Any CPU
		{C2D74C98-942E-404F-9A7F-3C67FAB962C3}.Release|Any CPU.Build.0 = Release|Any CPU
	EndGlobalSection
	GlobalSection(NestedProjects) = preSolution
		{18C70325-2F07-4687-ACDB-5D4F92F8269A} = {A76C3B3E-D827-4FCD-A1CD-94F3C15F9B0E}
		{3E22C42D-F84A-4466-932F-AF5326DFDBE2} = {37CA7073-D220-4DF4-8C1B-EFD581EF5AEB}
		{53631606-901F-4C0A-8D43-1A828B8094F5} = {37CA7073-D220-4DF4-8C1B-EFD581EF5AEB}
		{481C2BC8-C6E5-4273-BEAB-1F76CDA83C81} = {37CA7073-D220-4DF4-8C1B-EFD581EF5AEB}
		{C2D74C98-942E-404F-9A7F-3C67FAB962C3} = {481C2BC8-C6E5-4273-BEAB-1F76CDA83C81}
	EndGlobalSection
	GlobalSection(MonoDevelopProperties) = preSolution
		StartupItem = cpScriptTest.Net\cpScriptTest.Net.csproj
	EndGlobalSection
	GlobalSection(SolutionProperties) = preSolution
		HideSolutionNode = FALSE
	EndGlobalSection
EndGlobal
