<?xml version="1.0" encoding="UTF-8" standalone="yes" ?>
<CodeBlocks_project_file>
	<FileVersion major="1" minor="6" />
	<Project>
		<Option title="libCpScript.Asm" />
		<Option pch_mode="2" />
		<Option compiler="gcc" />
		<Build>
			<Target title="Debug Linux">
				<Option platforms="Unix;Mac;" />
				<Option output="bin\Debug\libCpScript" prefix_auto="1" extension_auto="1" />
				<Option object_output="obj\Debug\" />
				<Option type="1" />
				<Option compiler="gcc" />
				<Compiler>
					<Add option="-g" />
					<Add option="-DLINUX" />
					<Add directory="include" />
				</Compiler>
				<Linker>
					<Add option="-ldl" />
				</Linker>
			</Target>
			<Target title="Release Linux">
				<Option platforms="Unix;Mac;" />
				<Option output="bin\Release\libCpScript" prefix_auto="1" extension_auto="1" />
				<Option object_output="obj\Release\" />
				<Option type="1" />
				<Option compiler="gcc" />
				<Compiler>
					<Add option="-O2" />
					<Add option="-DLINUX" />
				</Compiler>
				<Linker>
					<Add option="-s" />
					<Add option="-ldl" />
				</Linker>
			</Target>
			<Target title="Debug Windows">
				<Option platforms="Windows;" />
				<Option output="bin\Debug\libCpScript" prefix_auto="1" extension_auto="1" />
				<Option object_output="obj\Debug\" />
				<Option type="1" />
				<Option compiler="gcc" />
				<Compiler>
					<Add option="-pg" />
					<Add option="-g" />
					<Add option="-DWINDOWS" />
					<Add directory="include" />
				</Compiler>
				<Linker>
					<Add option="-pg -lgmon" />
				</Linker>
			</Target>
			<Target title="Release Windows">
				<Option platforms="Windows;" />
				<Option output="bin\Release\libCpScript" prefix_auto="1" extension_auto="1" />
				<Option object_output="obj\Release\" />
				<Option type="1" />
				<Option compiler="gcc" />
				<Compiler>
					<Add option="-O2" />
					<Add option="-DWINDOWS" />
					<Add directory="include" />
				</Compiler>
				<Linker>
					<Add option="-s" />
				</Linker>
			</Target>
		</Build>
		<Compiler>
			<Add option="-Wall" />
		</Compiler>
		<Unit filename="include\AssemblyToken.h" />
		<Unit filename="include\Extensions.h" />
		<Unit filename="include\IScriptLib.h" />
		<Unit filename="include\LabelDef.h" />
		<Unit filename="include\List.h" />
		<Unit filename="include\MemoryBlock.h" />
		<Unit filename="include\MemoryBlockHeader.h" />
		<Unit filename="include\MemoryBlockSetHeader.h" />
		<Unit filename="include\Parser.h" />
		<Unit filename="include\Stack.h" />
		<Unit filename="include\State.h" />
		<Unit filename="include\Token.h" />
		<Unit filename="include\libCpScript.Asm.h" />
		<Unit filename="src\AssemblyToken.c">
			<Option compilerVar="CC" />
		</Unit>
		<Unit filename="src\Extensions.c">
			<Option compilerVar="CC" />
		</Unit>
		<Unit filename="src\IScriptLib.c">
			<Option compilerVar="CC" />
		</Unit>
		<Unit filename="src\LabelDef.c">
			<Option compilerVar="CC" />
		</Unit>
		<Unit filename="src\List.c">
			<Option compilerVar="CC" />
		</Unit>
		<Unit filename="src\MemoryBlock.c">
			<Option compilerVar="CC" />
		</Unit>
		<Unit filename="src\MemoryBlockHeader.c">
			<Option compilerVar="CC" />
		</Unit>
		<Unit filename="src\MemoryBlockSetHeader.c">
			<Option compilerVar="CC" />
		</Unit>
		<Unit filename="src\Parser.c">
			<Option compilerVar="CC" />
		</Unit>
		<Unit filename="src\Stack.c">
			<Option compilerVar="CC" />
		</Unit>
		<Unit filename="src\State.c">
			<Option compilerVar="CC" />
		</Unit>
		<Unit filename="src\test.c">
			<Option compilerVar="CC" />
		</Unit>
		<Extensions>
			<code_completion />
			<envvars />
			<debugger />
			<lib_finder disable_auto="1" />
		</Extensions>
	</Project>
</CodeBlocks_project_file>
