<?xml version="1.0" encoding="UTF-8" standalone="yes" ?>
<CodeBlocks_project_file>
	<FileVersion major="1" minor="6" />
	<Project>
		<Option title="libCpScript.Asm" />
		<Option pch_mode="2" />
		<Option compiler="gcc" />
		<Build>
			<Target title="Debug">
				<Option output="lib\libCpScript.Asm.a" prefix_auto="0" extension_auto="0" />
				<Option working_dir="" />
				<Option object_output="obj\static\debug\" />
				<Option type="2" />
				<Option compiler="gcc" />
				<Option createDefFile="1" />
				<Compiler>
					<Add option="-Wall" />
					<Add option="-g" />
				</Compiler>
			</Target>
			<Target title="Release">
				<Option output="lib\libCpScript.Asm.a" prefix_auto="0" extension_auto="0" />
				<Option working_dir="" />
				<Option object_output="obj\static\release\" />
				<Option type="2" />
				<Option compiler="gcc" />
				<Option createDefFile="1" />
				<Compiler>
					<Add option="-Wall" />
					<Add option="-O2" />
				</Compiler>
				<Linker>
					<Add option="-s" />
				</Linker>
			</Target>
		</Build>
		<Compiler>
			<Add directory="include" />
		</Compiler>
		<Unit filename="include\AssemblyToken.h" />
		<Unit filename="include\Extensions.h" />
		<Unit filename="include\LabelDef.h" />
		<Unit filename="include\List.h" />
		<Unit filename="include\MemoryBlock.h" />
		<Unit filename="include\MemoryBlockHeader.h" />
		<Unit filename="include\MemoryBlockSetHeader.h" />
		<Unit filename="include\Parser.h" />
		<Unit filename="include\Stack.h" />
		<Unit filename="include\State.h" />
		<Unit filename="include\Token.h" />
		<Unit filename="include\libCpScript.Asm.h" />
		<Unit filename="src\AssemblyToken.c">
			<Option compilerVar="CC" />
		</Unit>
		<Unit filename="src\Extensions.c">
			<Option compilerVar="CC" />
		</Unit>
		<Unit filename="src\LabelDef.c">
			<Option compilerVar="CC" />
		</Unit>
		<Unit filename="src\List.c">
			<Option compilerVar="CC" />
		</Unit>
		<Unit filename="src\MemoryBlock.c">
			<Option compilerVar="CC" />
		</Unit>
		<Unit filename="src\MemoryBlockHeader.c">
			<Option compilerVar="CC" />
		</Unit>
		<Unit filename="src\MemoryBlockSetHeader.c">
			<Option compilerVar="CC" />
		</Unit>
		<Unit filename="src\Parser.c">
			<Option compilerVar="CC" />
		</Unit>
		<Unit filename="src\Stack.c">
			<Option compilerVar="CC" />
		</Unit>
		<Unit filename="src\State.c">
			<Option compilerVar="CC" />
		</Unit>
		<Extensions>
			<code_completion />
			<envvars />
			<debugger />
			<lib_finder disable_auto="1" />
		</Extensions>
	</Project>
</CodeBlocks_project_file>
