<?xml version="1.0" encoding="utf-8"?>
<Project ToolsVersion="4.0" xmlns="http://schemas.microsoft.com/developer/msbuild/2003">
  <ItemGroup>
    <ClInclude Include="include\AssemblyToken.h">
      <Filter>Headers</Filter>
    </ClInclude>
    <ClInclude Include="include\Token.h">
      <Filter>Headers</Filter>
    </ClInclude>
    <ClInclude Include="include\Extensions.h">
      <Filter>Headers</Filter>
    </ClInclude>
    <ClInclude Include="include\LabelDef.h">
      <Filter>Headers</Filter>
    </ClInclude>
    <ClInclude Include="include\libCpScript.Asm.h">
      <Filter>Headers</Filter>
    </ClInclude>
    <ClInclude Include="include\List.h">
      <Filter>Headers</Filter>
    </ClInclude>
    <ClInclude Include="include\MemoryBlock.h">
      <Filter>Headers</Filter>
    </ClInclude>
    <ClInclude Include="include\MemoryBlockHeader.h">
      <Filter>Headers</Filter>
    </ClInclude>
    <ClInclude Include="include\MemoryBlockSetHeader.h">
      <Filter>Headers</Filter>
    </ClInclude>
    <ClInclude Include="include\Parser.h">
      <Filter>Headers</Filter>
    </ClInclude>
    <ClInclude Include="include\Stack.h">
      <Filter>Headers</Filter>
    </ClInclude>
  </ItemGroup>
  <ItemGroup>
    <Filter Include="Headers">
      <UniqueIdentifier>{b1368911-02dd-4679-beb7-f4b27c3e2f9f}</UniqueIdentifier>
    </Filter>
    <Filter Include="Source">
      <UniqueIdentifier>{39bf4f16-b73e-4aeb-a154-dbc6e485254c}</UniqueIdentifier>
    </Filter>
  </ItemGroup>
  <ItemGroup>
    <ClCompile Include="src\AssemblyToken.c">
      <Filter>Source</Filter>
    </ClCompile>
    <ClCompile Include="src\Extensions.c">
      <Filter>Source</Filter>
    </ClCompile>
    <ClCompile Include="src\LabelDef.c">
      <Filter>Source</Filter>
    </ClCompile>
    <ClCompile Include="src\List.c">
      <Filter>Source</Filter>
    </ClCompile>
    <ClCompile Include="src\MemoryBlock.c">
      <Filter>Source</Filter>
    </ClCompile>
    <ClCompile Include="src\MemoryBlockHeader.c">
      <Filter>Source</Filter>
    </ClCompile>
    <ClCompile Include="src\MemoryBlockSetHeader.c">
      <Filter>Source</Filter>
    </ClCompile>
    <ClCompile Include="src\Parser.c">
      <Filter>Source</Filter>
    </ClCompile>
    <ClCompile Include="src\Stack.c">
      <Filter>Source</Filter>
    </ClCompile>
    <ClCompile Include="src\State.c">
      <Filter>Source</Filter>
    </ClCompile>
  </ItemGroup>
</Project>