
Microsoft Visual Studio Solution File, Format Version 11.00
# Visual C++ Express 2010
Project("{8BC9CEB8-8B4A-11D0-8D11-00A0C91BC942}") = "libCpScript.Asm.Shared", "libCpScript.Asm.Shared.vcxproj", "{698A5228-F376-4DE4-84EC-6D68B6386B41}"
EndProject
Global
	GlobalSection(SolutionConfigurationPlatforms) = preSolution
		Debug|Win32 = Debug|Win32
		Release|Win32 = Release|Win32
	EndGlobalSection
	GlobalSection(ProjectConfigurationPlatforms) = postSolution
		{698A5228-F376-4DE4-84EC-6D68B6386B41}.Debug|Win32.ActiveCfg = Debug|Win32
		{698A5228-F376-4DE4-84EC-6D68B6386B41}.Debug|Win32.Build.0 = Debug|Win32
		{698A5228-F376-4DE4-84EC-6D68B6386B41}.Release|Win32.ActiveCfg = Release|Win32
		{698A5228-F376-4DE4-84EC-6D68B6386B41}.Release|Win32.Build.0 = Release|Win32
	EndGlobalSection
	GlobalSection(SolutionProperties) = preSolution
		HideSolutionNode = FALSE
	EndGlobalSection
EndGlobal
